
Microsoft Visual Studio Solution File, Format Version 12.00
# Visual Studio Version 16
VisualStudioVersion = 16.0.30320.27
MinimumVisualStudioVersion = 10.0.40219.1
Project("{FAE04EC0-301F-11D3-BF4B-00C04F79EFBC}") = "BangazonWorkforce", "BangazonWorkforce.csproj", "{277E539B-2128-4CA7-B7F5-47F916119E6A}"
EndProject
Global
	GlobalSection(SolutionConfigurationPlatforms) = preSolution
		Debug|Any CPU = Debug|Any CPU
		Release|Any CPU = Release|Any CPU
	EndGlobalSection
	GlobalSection(ProjectConfigurationPlatforms) = postSolution
		{277E539B-2128-4CA7-B7F5-47F916119E6A}.Debug|Any CPU.ActiveCfg = Debug|Any CPU
		{277E539B-2128-4CA7-B7F5-47F916119E6A}.Debug|Any CPU.Build.0 = Debug|Any CPU
		{277E539B-2128-4CA7-B7F5-47F916119E6A}.Release|Any CPU.ActiveCfg = Release|Any CPU
		{277E539B-2128-4CA7-B7F5-47F916119E6A}.Release|Any CPU.Build.0 = Release|Any CPU
	EndGlobalSection
	GlobalSection(SolutionProperties) = preSolution
		HideSolutionNode = FALSE
	EndGlobalSection
	GlobalSection(ExtensibilityGlobals) = postSolution
		SolutionGuid = {2C7CD18B-AB27-4252-8B54-1E101BA82DBA}
	EndGlobalSection
EndGlobal
